// !$*UTF8*$!
{
	archiveVersion = 1;
	classes = {
	};
	objectVersion = 46;
	objects = {

/* Begin PBXBuildFile section */
		655AC71419EBD2E10010A72F /* madlib.cpp in Sources */ = {isa = PBXBuildFile; fileRef = 655AC71319EBD2E10010A72F /* madlib.cpp */; };
		655AC71619EBD3030010A72F /* rps.cpp in Sources */ = {isa = PBXBuildFile; fileRef = 655AC71519EBD3030010A72F /* rps.cpp */; };
		655AC71819EBD32C0010A72F /* pigGame.cpp in Sources */ = {isa = PBXBuildFile; fileRef = 655AC71719EBD32C0010A72F /* pigGame.cpp */; };
/* End PBXBuildFile section */

/* Begin PBXCopyFilesBuildPhase section */
		658CBA9A19EBAF2C009A3216 /* CopyFiles */ = {
			isa = PBXCopyFilesBuildPhase;
			buildActionMask = 2147483647;
			dstPath = /usr/share/man/man1/;
			dstSubfolderSpec = 0;
			files = (
			);
			runOnlyForDeploymentPostprocessing = 1;
		};
/* End PBXCopyFilesBuildPhase section */

/* Begin PBXFileReference section */
		655AC71319EBD2E10010A72F /* madlib.cpp */ = {isa = PBXFileReference; fileEncoding = 4; lastKnownFileType = sourcecode.cpp.cpp; path = madlib.cpp; sourceTree = "<group>"; };
		655AC71519EBD3030010A72F /* rps.cpp */ = {isa = PBXFileReference; fileEncoding = 4; lastKnownFileType = sourcecode.cpp.cpp; path = rps.cpp; sourceTree = "<group>"; };
		655AC71719EBD32C0010A72F /* pigGame.cpp */ = {isa = PBXFileReference; fileEncoding = 4; lastKnownFileType = sourcecode.cpp.cpp; path = pigGame.cpp; sourceTree = "<group>"; };
		658CBA9C19EBAF2C009A3216 /* Assign1 */ = {isa = PBXFileReference; explicitFileType = "compiled.mach-o.executable"; includeInIndex = 0; path = Assign1; sourceTree = BUILT_PRODUCTS_DIR; };
		658CBAA619EBAF51009A3216 /* Assign1.pdf */ = {isa = PBXFileReference; lastKnownFileType = image.pdf; path = Assign1.pdf; sourceTree = "<group>"; };
/* End PBXFileReference section */

/* Begin PBXFrameworksBuildPhase section */
		658CBA9919EBAF2C009A3216 /* Frameworks */ = {
			isa = PBXFrameworksBuildPhase;
			buildActionMask = 2147483647;
			files = (
			);
			runOnlyForDeploymentPostprocessing = 0;
		};
/* End PBXFrameworksBuildPhase section */

/* Begin PBXGroup section */
		658CBA9319EBAF2C009A3216 = {
			isa = PBXGroup;
			children = (
				658CBAA619EBAF51009A3216 /* Assign1.pdf */,
				655AC71319EBD2E10010A72F /* madlib.cpp */,
				655AC71519EBD3030010A72F /* rps.cpp */,
				655AC71719EBD32C0010A72F /* pigGame.cpp */,
				658CBA9D19EBAF2C009A3216 /* Products */,
			);
			sourceTree = "<group>";
		};
		658CBA9D19EBAF2C009A3216 /* Products */ = {
			isa = PBXGroup;
			children = (
				658CBA9C19EBAF2C009A3216 /* Assign1 */,
			);
			name = Products;
			sourceTree = "<group>";
		};
/* End PBXGroup section */

/* Begin PBXNativeTarget section */
		658CBA9B19EBAF2C009A3216 /* Assign1 */ = {
			isa = PBXNativeTarget;
			buildConfigurationList = 658CBAA319EBAF2C009A3216 /* Build configuration list for PBXNativeTarget "Assign1" */;
			buildPhases = (
				658CBA9819EBAF2C009A3216 /* Sources */,
				658CBA9919EBAF2C009A3216 /* Frameworks */,
				658CBA9A19EBAF2C009A3216 /* CopyFiles */,
			);
			buildRules = (
			);
			dependencies = (
			);
			name = Assign1;
			productName = Assign1;
			productReference = 658CBA9C19EBAF2C009A3216 /* Assign1 */;
			productType = "com.apple.product-type.tool";
		};
/* End PBXNativeTarget section */

/* Begin PBXProject section */
		658CBA9419EBAF2C009A3216 /* Project object */ = {
			isa = PBXProject;
			attributes = {
				LastUpgradeCheck = 0600;
				ORGANIZATIONNAME = "Derek R Castile";
				TargetAttributes = {
					658CBA9B19EBAF2C009A3216 = {
						CreatedOnToolsVersion = 6.0.1;
					};
				};
			};
			buildConfigurationList = 658CBA9719EBAF2C009A3216 /* Build configuration list for PBXProject "Assign1" */;
			compatibilityVersion = "Xcode 3.2";
			developmentRegion = English;
			hasScannedForEncodings = 0;
			knownRegions = (
				en,
			);
			mainGroup = 658CBA9319EBAF2C009A3216;
			productRefGroup = 658CBA9D19EBAF2C009A3216 /* Products */;
			projectDirPath = "";
			projectRoot = "";
			targets = (
				658CBA9B19EBAF2C009A3216 /* Assign1 */,
			);
		};
/* End PBXProject section */

/* Begin PBXSourcesBuildPhase section */
		658CBA9819EBAF2C009A3216 /* Sources */ = {
			isa = PBXSourcesBuildPhase;
			buildActionMask = 2147483647;
			files = (
				655AC71419EBD2E10010A72F /* madlib.cpp in Sources */,
				655AC71819EBD32C0010A72F /* pigGame.cpp in Sources */,
				655AC71619EBD3030010A72F /* rps.cpp in Sources */,
			);
			runOnlyForDeploymentPostprocessing = 0;
		};
/* End PBXSourcesBuildPhase section */

/* Begin XCBuildConfiguration section */
		658CBAA119EBAF2C009A3216 /* Debug */ = {
			isa = XCBuildConfiguration;
			buildSettings = {
				ALWAYS_SEARCH_USER_PATHS = NO;
				CLANG_CXX_LANGUAGE_STANDARD = "gnu++0x";
				CLANG_CXX_LIBRARY = "libc++";
				CLANG_ENABLE_MODULES = YES;
				CLANG_ENABLE_OBJC_ARC = YES;
				CLANG_WARN_BOOL_CONVERSION = YES;
				CLANG_WARN_CONSTANT_CONVERSION = YES;
				CLANG_WARN_DIRECT_OBJC_ISA_USAGE = YES_ERROR;
				CLANG_WARN_EMPTY_BODY = YES;
				CLANG_WARN_ENUM_CONVERSION = YES;
				CLANG_WARN_INT_CONVERSION = YES;
				CLANG_WARN_OBJC_ROOT_CLASS = YES_ERROR;
				CLANG_WARN_UNREACHABLE_CODE = YES;
				CLANG_WARN__DUPLICATE_METHOD_MATCH = YES;
				COPY_PHASE_STRIP = NO;
				ENABLE_STRICT_OBJC_MSGSEND = YES;
				GCC_C_LANGUAGE_STANDARD = gnu99;
				GCC_DYNAMIC_NO_PIC = NO;
				GCC_OPTIMIZATION_LEVEL = 0;
				GCC_PREPROCESSOR_DEFINITIONS = (
					"DEBUG=1",
					"$(inherited)",
				);
				GCC_SYMBOLS_PRIVATE_EXTERN = NO;
				GCC_WARN_64_TO_32_BIT_CONVERSION = YES;
				GCC_WARN_ABOUT_RETURN_TYPE = YES_ERROR;
				GCC_WARN_UNDECLARED_SELECTOR = YES;
				GCC_WARN_UNINITIALIZED_AUTOS = YES_AGGRESSIVE;
				GCC_WARN_UNUSED_FUNCTION = YES;
				GCC_WARN_UNUSED_VARIABLE = YES;
				MACOSX_DEPLOYMENT_TARGET = 10.9;
				MTL_ENABLE_DEBUG_INFO = YES;
				ONLY_ACTIVE_ARCH = YES;
				SDKROOT = macosx;
			};
			name = Debug;
		};
		658CBAA219EBAF2C009A3216 /* Release */ = {
			isa = XCBuildConfiguration;
			buildSettings = {
				ALWAYS_SEARCH_USER_PATHS = NO;
				CLANG_CXX_LANGUAGE_STANDARD = "gnu++0x";
				CLANG_CXX_LIBRARY = "libc++";
				CLANG_ENABLE_MODULES = YES;
				CLANG_ENABLE_OBJC_ARC = YES;
				CLANG_WARN_BOOL_CONVERSION = YES;
				CLANG_WARN_CONSTANT_CONVERSION = YES;
				CLANG_WARN_DIRECT_OBJC_ISA_USAGE = YES_ERROR;
				CLANG_WARN_EMPTY_BODY = YES;
				CLANG_WARN_ENUM_CONVERSION = YES;
				CLANG_WARN_INT_CONVERSION = YES;
				CLANG_WARN_OBJC_ROOT_CLASS = YES_ERROR;
				CLANG_WARN_UNREACHABLE_CODE = YES;
				CLANG_WARN__DUPLICATE_METHOD_MATCH = YES;
				COPY_PHASE_STRIP = YES;
				DEBUG_INFORMATION_FORMAT = "dwarf-with-dsym";
				ENABLE_NS_ASSERTIONS = NO;
				ENABLE_STRICT_OBJC_MSGSEND = YES;
				GCC_C_LANGUAGE_STANDARD = gnu99;
				GCC_WARN_64_TO_32_BIT_CONVERSION = YES;
				GCC_WARN_ABOUT_RETURN_TYPE = YES_ERROR;
				GCC_WARN_UNDECLARED_SELECTOR = YES;
				GCC_WARN_UNINITIALIZED_AUTOS = YES_AGGRESSIVE;
				GCC_WARN_UNUSED_FUNCTION = YES;
				GCC_WARN_UNUSED_VARIABLE = YES;
				MACOSX_DEPLOYMENT_TARGET = 10.9;
				MTL_ENABLE_DEBUG_INFO = NO;
				SDKROOT = macosx;
			};
			name = Release;
		};
		658CBAA419EBAF2C009A3216 /* Debug */ = {
			isa = XCBuildConfiguration;
			buildSettings = {
				PRODUCT_NAME = "$(TARGET_NAME)";
			};
			name = Debug;
		};
		658CBAA519EBAF2C009A3216 /* Release */ = {
			isa = XCBuildConfiguration;
			buildSettings = {
				PRODUCT_NAME = "$(TARGET_NAME)";
			};
			name = Release;
		};
/* End XCBuildConfiguration section */

/* Begin XCConfigurationList section */
		658CBA9719EBAF2C009A3216 /* Build configuration list for PBXProject "Assign1" */ = {
			isa = XCConfigurationList;
			buildConfigurations = (
				658CBAA119EBAF2C009A3216 /* Debug */,
				658CBAA219EBAF2C009A3216 /* Release */,
			);
			defaultConfigurationIsVisible = 0;
			defaultConfigurationName = Release;
		};
		658CBAA319EBAF2C009A3216 /* Build configuration list for PBXNativeTarget "Assign1" */ = {
			isa = XCConfigurationList;
			buildConfigurations = (
				658CBAA419EBAF2C009A3216 /* Debug */,
				658CBAA519EBAF2C009A3216 /* Release */,
			);
			defaultConfigurationIsVisible = 0;
			defaultConfigurationName = Release;
		};
/* End XCConfigurationList section */
	};
	rootObject = 658CBA9419EBAF2C009A3216 /* Project object */;
}
